// !$*UTF8*$!
{
	archiveVersion = 1;
	classes = {
	};
	objectVersion = 46;
	objects = {

/* Begin PBXBuildFile section */
		D81F4E5A161B041500B58C14 /* registViewController.m in Sources */ = {isa = PBXBuildFile; fileRef = D81F4E58161B041500B58C14 /* registViewController.m */; };
		D81F4E5B161B041500B58C14 /* registViewController.xib in Resources */ = {isa = PBXBuildFile; fileRef = D81F4E59161B041500B58C14 /* registViewController.xib */; };
		D820FA95161BF0C30085757E /* mainViewController.m in Sources */ = {isa = PBXBuildFile; fileRef = D820FA93161BF0C30085757E /* mainViewController.m */; };
		D820FA96161BF0C30085757E /* mainViewController.xib in Resources */ = {isa = PBXBuildFile; fileRef = D820FA94161BF0C30085757E /* mainViewController.xib */; };
		D820FAA4161C13180085757E /* foundPersonViewController.m in Sources */ = {isa = PBXBuildFile; fileRef = D820FAA2161C13180085757E /* foundPersonViewController.m */; };
		D820FAA5161C13180085757E /* foundPersonViewController.xib in Resources */ = {isa = PBXBuildFile; fileRef = D820FAA3161C13180085757E /* foundPersonViewController.xib */; };
		D820FAAD161C15AE0085757E /* Shake_01@2x.png in Resources */ = {isa = PBXBuildFile; fileRef = D820FAAB161C15AE0085757E /* Shake_01@2x.png */; };
		D820FAAE161C15AE0085757E /* Shake_02@2x.png in Resources */ = {isa = PBXBuildFile; fileRef = D820FAAC161C15AE0085757E /* Shake_02@2x.png */; };
		D820FAB0161C15B90085757E /* glass.wav in Resources */ = {isa = PBXBuildFile; fileRef = D820FAAF161C15B90085757E /* glass.wav */; };
		D820FABD161C1E390085757E /* shakingWindow.m in Sources */ = {isa = PBXBuildFile; fileRef = D820FABC161C1E390085757E /* shakingWindow.m */; };
		D820FAC0161C2ABB0085757E /* find_bg@2x.png in Resources */ = {isa = PBXBuildFile; fileRef = D820FABF161C2ABB0085757E /* find_bg@2x.png */; };
		D8633C7F161D633000998982 /* AudioToolbox.framework in Frameworks */ = {isa = PBXBuildFile; fileRef = D8633C7E161D633000998982 /* AudioToolbox.framework */; };
		D8633C82161D651C00998982 /* CoreLocation.framework in Frameworks */ = {isa = PBXBuildFile; fileRef = D8633C81161D651C00998982 /* CoreLocation.framework */; };
		D884C6FC15F9CE5C00E08417 /* UIKit.framework in Frameworks */ = {isa = PBXBuildFile; fileRef = D884C6FB15F9CE5C00E08417 /* UIKit.framework */; };
		D884C6FE15F9CE5C00E08417 /* Foundation.framework in Frameworks */ = {isa = PBXBuildFile; fileRef = D884C6FD15F9CE5C00E08417 /* Foundation.framework */; };
		D884C70015F9CE5C00E08417 /* CoreGraphics.framework in Frameworks */ = {isa = PBXBuildFile; fileRef = D884C6FF15F9CE5C00E08417 /* CoreGraphics.framework */; };
		D884C70615F9CE5C00E08417 /* InfoPlist.strings in Resources */ = {isa = PBXBuildFile; fileRef = D884C70415F9CE5C00E08417 /* InfoPlist.strings */; };
		D884C70815F9CE5C00E08417 /* main.m in Sources */ = {isa = PBXBuildFile; fileRef = D884C70715F9CE5C00E08417 /* main.m */; };
		D884C70C15F9CE5C00E08417 /* goshanAppDelegate.m in Sources */ = {isa = PBXBuildFile; fileRef = D884C70B15F9CE5C00E08417 /* goshanAppDelegate.m */; };
		D884C71D15F9CE5C00E08417 /* SenTestingKit.framework in Frameworks */ = {isa = PBXBuildFile; fileRef = D884C71C15F9CE5C00E08417 /* SenTestingKit.framework */; };
		D884C71E15F9CE5C00E08417 /* UIKit.framework in Frameworks */ = {isa = PBXBuildFile; fileRef = D884C6FB15F9CE5C00E08417 /* UIKit.framework */; };
		D884C71F15F9CE5C00E08417 /* Foundation.framework in Frameworks */ = {isa = PBXBuildFile; fileRef = D884C6FD15F9CE5C00E08417 /* Foundation.framework */; };
		D884C72715F9CE5C00E08417 /* InfoPlist.strings in Resources */ = {isa = PBXBuildFile; fileRef = D884C72515F9CE5C00E08417 /* InfoPlist.strings */; };
		D884C72A15F9CE5C00E08417 /* easyFollowTests.m in Sources */ = {isa = PBXBuildFile; fileRef = D884C72915F9CE5C00E08417 /* easyFollowTests.m */; };
		D884C74015F9D47E00E08417 /* Localizable.strings in Resources */ = {isa = PBXBuildFile; fileRef = D884C74215F9D47E00E08417 /* Localizable.strings */; };
		D884C74915F9D85300E08417 /* registCell.xib in Resources */ = {isa = PBXBuildFile; fileRef = D884C74815F9D85300E08417 /* registCell.xib */; };
/* End PBXBuildFile section */

/* Begin PBXContainerItemProxy section */
		D884C72015F9CE5C00E08417 /* PBXContainerItemProxy */ = {
			isa = PBXContainerItemProxy;
			containerPortal = D884C6EE15F9CE5C00E08417 /* Project object */;
			proxyType = 1;
			remoteGlobalIDString = D884C6F615F9CE5C00E08417;
			remoteInfo = easyFollow;
		};
/* End PBXContainerItemProxy section */

/* Begin PBXFileReference section */
		D81F4E57161B041500B58C14 /* registViewController.h */ = {isa = PBXFileReference; fileEncoding = 4; lastKnownFileType = sourcecode.c.h; path = registViewController.h; sourceTree = "<group>"; };
		D81F4E58161B041500B58C14 /* registViewController.m */ = {isa = PBXFileReference; fileEncoding = 4; lastKnownFileType = sourcecode.c.objc; path = registViewController.m; sourceTree = "<group>"; };
		D81F4E59161B041500B58C14 /* registViewController.xib */ = {isa = PBXFileReference; fileEncoding = 4; lastKnownFileType = file.xib; path = registViewController.xib; sourceTree = "<group>"; };
		D820FA92161BF0C30085757E /* mainViewController.h */ = {isa = PBXFileReference; fileEncoding = 4; lastKnownFileType = sourcecode.c.h; path = mainViewController.h; sourceTree = "<group>"; };
		D820FA93161BF0C30085757E /* mainViewController.m */ = {isa = PBXFileReference; fileEncoding = 4; lastKnownFileType = sourcecode.c.objc; path = mainViewController.m; sourceTree = "<group>"; };
		D820FA94161BF0C30085757E /* mainViewController.xib */ = {isa = PBXFileReference; fileEncoding = 4; lastKnownFileType = file.xib; path = mainViewController.xib; sourceTree = "<group>"; };
		D820FAA1161C13180085757E /* foundPersonViewController.h */ = {isa = PBXFileReference; fileEncoding = 4; lastKnownFileType = sourcecode.c.h; path = foundPersonViewController.h; sourceTree = "<group>"; };
		D820FAA2161C13180085757E /* foundPersonViewController.m */ = {isa = PBXFileReference; fileEncoding = 4; lastKnownFileType = sourcecode.c.objc; path = foundPersonViewController.m; sourceTree = "<group>"; };
		D820FAA3161C13180085757E /* foundPersonViewController.xib */ = {isa = PBXFileReference; fileEncoding = 4; lastKnownFileType = file.xib; path = foundPersonViewController.xib; sourceTree = "<group>"; };
		D820FAAB161C15AE0085757E /* Shake_01@2x.png */ = {isa = PBXFileReference; lastKnownFileType = image.png; path = "Shake_01@2x.png"; sourceTree = "<group>"; };
		D820FAAC161C15AE0085757E /* Shake_02@2x.png */ = {isa = PBXFileReference; lastKnownFileType = image.png; path = "Shake_02@2x.png"; sourceTree = "<group>"; };
		D820FAAF161C15B90085757E /* glass.wav */ = {isa = PBXFileReference; lastKnownFileType = audio.wav; path = glass.wav; sourceTree = "<group>"; };
		D820FABB161C1E390085757E /* shakingWindow.h */ = {isa = PBXFileReference; fileEncoding = 4; lastKnownFileType = sourcecode.c.h; path = shakingWindow.h; sourceTree = "<group>"; };
		D820FABC161C1E390085757E /* shakingWindow.m */ = {isa = PBXFileReference; fileEncoding = 4; lastKnownFileType = sourcecode.c.objc; path = shakingWindow.m; sourceTree = "<group>"; };
		D820FABF161C2ABB0085757E /* find_bg@2x.png */ = {isa = PBXFileReference; lastKnownFileType = image.png; path = "find_bg@2x.png"; sourceTree = "<group>"; };
		D8633C7E161D633000998982 /* AudioToolbox.framework */ = {isa = PBXFileReference; lastKnownFileType = wrapper.framework; name = AudioToolbox.framework; path = System/Library/Frameworks/AudioToolbox.framework; sourceTree = SDKROOT; };
		D8633C81161D651C00998982 /* CoreLocation.framework */ = {isa = PBXFileReference; lastKnownFileType = wrapper.framework; name = CoreLocation.framework; path = System/Library/Frameworks/CoreLocation.framework; sourceTree = SDKROOT; };
		D884C6F715F9CE5C00E08417 /* easyFollow.app */ = {isa = PBXFileReference; explicitFileType = wrapper.application; includeInIndex = 0; path = easyFollow.app; sourceTree = BUILT_PRODUCTS_DIR; };
		D884C6FB15F9CE5C00E08417 /* UIKit.framework */ = {isa = PBXFileReference; lastKnownFileType = wrapper.framework; name = UIKit.framework; path = System/Library/Frameworks/UIKit.framework; sourceTree = SDKROOT; };
		D884C6FD15F9CE5C00E08417 /* Foundation.framework */ = {isa = PBXFileReference; lastKnownFileType = wrapper.framework; name = Foundation.framework; path = System/Library/Frameworks/Foundation.framework; sourceTree = SDKROOT; };
		D884C6FF15F9CE5C00E08417 /* CoreGraphics.framework */ = {isa = PBXFileReference; lastKnownFileType = wrapper.framework; name = CoreGraphics.framework; path = System/Library/Frameworks/CoreGraphics.framework; sourceTree = SDKROOT; };
		D884C70315F9CE5C00E08417 /* easyFollow-Info.plist */ = {isa = PBXFileReference; lastKnownFileType = text.plist.xml; path = "easyFollow-Info.plist"; sourceTree = "<group>"; };
		D884C70515F9CE5C00E08417 /* en */ = {isa = PBXFileReference; lastKnownFileType = text.plist.strings; name = en; path = en.lproj/InfoPlist.strings; sourceTree = "<group>"; };
		D884C70715F9CE5C00E08417 /* main.m */ = {isa = PBXFileReference; lastKnownFileType = sourcecode.c.objc; path = main.m; sourceTree = "<group>"; };
		D884C70915F9CE5C00E08417 /* easyFollow-Prefix.pch */ = {isa = PBXFileReference; lastKnownFileType = sourcecode.c.h; path = "easyFollow-Prefix.pch"; sourceTree = "<group>"; };
		D884C70A15F9CE5C00E08417 /* goshanAppDelegate.h */ = {isa = PBXFileReference; lastKnownFileType = sourcecode.c.h; path = goshanAppDelegate.h; sourceTree = "<group>"; };
		D884C70B15F9CE5C00E08417 /* goshanAppDelegate.m */ = {isa = PBXFileReference; lastKnownFileType = sourcecode.c.objc; path = goshanAppDelegate.m; sourceTree = "<group>"; };
		D884C71B15F9CE5C00E08417 /* easyFollowTests.octest */ = {isa = PBXFileReference; explicitFileType = wrapper.cfbundle; includeInIndex = 0; path = easyFollowTests.octest; sourceTree = BUILT_PRODUCTS_DIR; };
		D884C71C15F9CE5C00E08417 /* SenTestingKit.framework */ = {isa = PBXFileReference; lastKnownFileType = wrapper.framework; name = SenTestingKit.framework; path = Library/Frameworks/SenTestingKit.framework; sourceTree = DEVELOPER_DIR; };
		D884C72415F9CE5C00E08417 /* easyFollowTests-Info.plist */ = {isa = PBXFileReference; lastKnownFileType = text.plist.xml; path = "easyFollowTests-Info.plist"; sourceTree = "<group>"; };
		D884C72615F9CE5C00E08417 /* en */ = {isa = PBXFileReference; lastKnownFileType = text.plist.strings; name = en; path = en.lproj/InfoPlist.strings; sourceTree = "<group>"; };
		D884C72815F9CE5C00E08417 /* easyFollowTests.h */ = {isa = PBXFileReference; lastKnownFileType = sourcecode.c.h; path = easyFollowTests.h; sourceTree = "<group>"; };
		D884C72915F9CE5C00E08417 /* easyFollowTests.m */ = {isa = PBXFileReference; lastKnownFileType = sourcecode.c.objc; path = easyFollowTests.m; sourceTree = "<group>"; };
		D884C74115F9D47E00E08417 /* en */ = {isa = PBXFileReference; lastKnownFileType = text.plist.strings; name = en; path = en.lproj/Localizable.strings; sourceTree = "<group>"; };
		D884C74815F9D85300E08417 /* registCell.xib */ = {isa = PBXFileReference; fileEncoding = 4; lastKnownFileType = file.xib; path = registCell.xib; sourceTree = "<group>"; };
/* End PBXFileReference section */

/* Begin PBXFrameworksBuildPhase section */
		D884C6F415F9CE5C00E08417 /* Frameworks */ = {
			isa = PBXFrameworksBuildPhase;
			buildActionMask = 2147483647;
			files = (
				D8633C82161D651C00998982 /* CoreLocation.framework in Frameworks */,
				D8633C7F161D633000998982 /* AudioToolbox.framework in Frameworks */,
				D884C6FC15F9CE5C00E08417 /* UIKit.framework in Frameworks */,
				D884C6FE15F9CE5C00E08417 /* Foundation.framework in Frameworks */,
				D884C70015F9CE5C00E08417 /* CoreGraphics.framework in Frameworks */,
			);
			runOnlyForDeploymentPostprocessing = 0;
		};
		D884C71715F9CE5C00E08417 /* Frameworks */ = {
			isa = PBXFrameworksBuildPhase;
			buildActionMask = 2147483647;
			files = (
				D884C71D15F9CE5C00E08417 /* SenTestingKit.framework in Frameworks */,
				D884C71E15F9CE5C00E08417 /* UIKit.framework in Frameworks */,
				D884C71F15F9CE5C00E08417 /* Foundation.framework in Frameworks */,
			);
			runOnlyForDeploymentPostprocessing = 0;
		};
/* End PBXFrameworksBuildPhase section */

/* Begin PBXGroup section */
		D820FAAA161C15940085757E /* Resources */ = {
			isa = PBXGroup;
			children = (
				D820FABF161C2ABB0085757E /* find_bg@2x.png */,
				D820FAAF161C15B90085757E /* glass.wav */,
				D820FAAB161C15AE0085757E /* Shake_01@2x.png */,
				D820FAAC161C15AE0085757E /* Shake_02@2x.png */,
			);
			name = Resources;
			sourceTree = "<group>";
		};
		D884C6EC15F9CE5C00E08417 = {
			isa = PBXGroup;
			children = (
				D884C70115F9CE5C00E08417 /* easyFollow */,
				D884C72215F9CE5C00E08417 /* easyFollowTests */,
				D884C6FA15F9CE5C00E08417 /* Frameworks */,
				D884C6F815F9CE5C00E08417 /* Products */,
			);
			sourceTree = "<group>";
		};
		D884C6F815F9CE5C00E08417 /* Products */ = {
			isa = PBXGroup;
			children = (
				D884C6F715F9CE5C00E08417 /* easyFollow.app */,
				D884C71B15F9CE5C00E08417 /* easyFollowTests.octest */,
			);
			name = Products;
			sourceTree = "<group>";
		};
		D884C6FA15F9CE5C00E08417 /* Frameworks */ = {
			isa = PBXGroup;
			children = (
				D8633C81161D651C00998982 /* CoreLocation.framework */,
				D8633C7E161D633000998982 /* AudioToolbox.framework */,
				D884C6FB15F9CE5C00E08417 /* UIKit.framework */,
				D884C6FD15F9CE5C00E08417 /* Foundation.framework */,
				D884C6FF15F9CE5C00E08417 /* CoreGraphics.framework */,
				D884C71C15F9CE5C00E08417 /* SenTestingKit.framework */,
			);
			name = Frameworks;
			sourceTree = "<group>";
		};
		D884C70115F9CE5C00E08417 /* easyFollow */ = {
			isa = PBXGroup;
			children = (
				D884C70A15F9CE5C00E08417 /* goshanAppDelegate.h */,
				D884C70B15F9CE5C00E08417 /* goshanAppDelegate.m */,
				D884C73C15F9D40900E08417 /* Controllers */,
				D884C73D15F9D42E00E08417 /* Views */,
				D820FAAA161C15940085757E /* Resources */,
				D884C70215F9CE5C00E08417 /* Supporting Files */,
			);
			path = easyFollow;
			sourceTree = "<group>";
		};
		D884C70215F9CE5C00E08417 /* Supporting Files */ = {
			isa = PBXGroup;
			children = (
				D884C70315F9CE5C00E08417 /* easyFollow-Info.plist */,
				D884C70415F9CE5C00E08417 /* InfoPlist.strings */,
				D884C70715F9CE5C00E08417 /* main.m */,
				D884C70915F9CE5C00E08417 /* easyFollow-Prefix.pch */,
				D884C74215F9D47E00E08417 /* Localizable.strings */,
			);
			name = "Supporting Files";
			sourceTree = "<group>";
		};
		D884C72215F9CE5C00E08417 /* easyFollowTests */ = {
			isa = PBXGroup;
			children = (
				D884C72815F9CE5C00E08417 /* easyFollowTests.h */,
				D884C72915F9CE5C00E08417 /* easyFollowTests.m */,
				D884C72315F9CE5C00E08417 /* Supporting Files */,
			);
			path = easyFollowTests;
			sourceTree = "<group>";
		};
		D884C72315F9CE5C00E08417 /* Supporting Files */ = {
			isa = PBXGroup;
			children = (
				D884C72415F9CE5C00E08417 /* easyFollowTests-Info.plist */,
				D884C72515F9CE5C00E08417 /* InfoPlist.strings */,
			);
			name = "Supporting Files";
			sourceTree = "<group>";
		};
		D884C73C15F9D40900E08417 /* Controllers */ = {
			isa = PBXGroup;
			children = (
				D81F4E57161B041500B58C14 /* registViewController.h */,
				D81F4E58161B041500B58C14 /* registViewController.m */,
				D820FA92161BF0C30085757E /* mainViewController.h */,
				D820FA93161BF0C30085757E /* mainViewController.m */,
				D820FAA1161C13180085757E /* foundPersonViewController.h */,
				D820FAA2161C13180085757E /* foundPersonViewController.m */,
			);
			name = Controllers;
			sourceTree = "<group>";
		};
		D884C73D15F9D42E00E08417 /* Views */ = {
			isa = PBXGroup;
			children = (
				D820FABB161C1E390085757E /* shakingWindow.h */,
				D820FABC161C1E390085757E /* shakingWindow.m */,
				D81F4E59161B041500B58C14 /* registViewController.xib */,
				D884C74815F9D85300E08417 /* registCell.xib */,
				D820FA94161BF0C30085757E /* mainViewController.xib */,
				D820FAA3161C13180085757E /* foundPersonViewController.xib */,
			);
			name = Views;
			sourceTree = "<group>";
		};
/* End PBXGroup section */

/* Begin PBXNativeTarget section */
		D884C6F615F9CE5C00E08417 /* easyFollow */ = {
			isa = PBXNativeTarget;
			buildConfigurationList = D884C72D15F9CE5C00E08417 /* Build configuration list for PBXNativeTarget "easyFollow" */;
			buildPhases = (
				D884C6F315F9CE5C00E08417 /* Sources */,
				D884C6F415F9CE5C00E08417 /* Frameworks */,
				D884C6F515F9CE5C00E08417 /* Resources */,
			);
			buildRules = (
			);
			dependencies = (
			);
			name = easyFollow;
			productName = easyFollow;
			productReference = D884C6F715F9CE5C00E08417 /* easyFollow.app */;
			productType = "com.apple.product-type.application";
		};
		D884C71A15F9CE5C00E08417 /* easyFollowTests */ = {
			isa = PBXNativeTarget;
			buildConfigurationList = D884C73015F9CE5C00E08417 /* Build configuration list for PBXNativeTarget "easyFollowTests" */;
			buildPhases = (
				D884C71615F9CE5C00E08417 /* Sources */,
				D884C71715F9CE5C00E08417 /* Frameworks */,
				D884C71815F9CE5C00E08417 /* Resources */,
				D884C71915F9CE5C00E08417 /* ShellScript */,
			);
			buildRules = (
			);
			dependencies = (
				D884C72115F9CE5C00E08417 /* PBXTargetDependency */,
			);
			name = easyFollowTests;
			productName = easyFollowTests;
			productReference = D884C71B15F9CE5C00E08417 /* easyFollowTests.octest */;
			productType = "com.apple.product-type.bundle";
		};
/* End PBXNativeTarget section */

/* Begin PBXProject section */
		D884C6EE15F9CE5C00E08417 /* Project object */ = {
			isa = PBXProject;
			attributes = {
				LastUpgradeCheck = 0420;
			};
			buildConfigurationList = D884C6F115F9CE5C00E08417 /* Build configuration list for PBXProject "easyFollow" */;
			compatibilityVersion = "Xcode 3.2";
			developmentRegion = English;
			hasScannedForEncodings = 0;
			knownRegions = (
				en,
				"zh-Hans",
			);
			mainGroup = D884C6EC15F9CE5C00E08417;
			productRefGroup = D884C6F815F9CE5C00E08417 /* Products */;
			projectDirPath = "";
			projectRoot = "";
			targets = (
				D884C6F615F9CE5C00E08417 /* easyFollow */,
				D884C71A15F9CE5C00E08417 /* easyFollowTests */,
			);
		};
/* End PBXProject section */

/* Begin PBXResourcesBuildPhase section */
		D884C6F515F9CE5C00E08417 /* Resources */ = {
			isa = PBXResourcesBuildPhase;
			buildActionMask = 2147483647;
			files = (
				D884C70615F9CE5C00E08417 /* InfoPlist.strings in Resources */,
				D884C74015F9D47E00E08417 /* Localizable.strings in Resources */,
				D884C74915F9D85300E08417 /* registCell.xib in Resources */,
				D81F4E5B161B041500B58C14 /* registViewController.xib in Resources */,
				D820FA96161BF0C30085757E /* mainViewController.xib in Resources */,
				D820FAA5161C13180085757E /* foundPersonViewController.xib in Resources */,
				D820FAAD161C15AE0085757E /* Shake_01@2x.png in Resources */,
				D820FAAE161C15AE0085757E /* Shake_02@2x.png in Resources */,
				D820FAB0161C15B90085757E /* glass.wav in Resources */,
				D820FAC0161C2ABB0085757E /* find_bg@2x.png in Resources */,
			);
			runOnlyForDeploymentPostprocessing = 0;
		};
		D884C71815F9CE5C00E08417 /* Resources */ = {
			isa = PBXResourcesBuildPhase;
			buildActionMask = 2147483647;
			files = (
				D884C72715F9CE5C00E08417 /* InfoPlist.strings in Resources */,
			);
			runOnlyForDeploymentPostprocessing = 0;
		};
/* End PBXResourcesBuildPhase section */

/* Begin PBXShellScriptBuildPhase section */
		D884C71915F9CE5C00E08417 /* ShellScript */ = {
			isa = PBXShellScriptBuildPhase;
			buildActionMask = 2147483647;
			files = (
			);
			inputPaths = (
			);
			outputPaths = (
			);
			runOnlyForDeploymentPostprocessing = 0;
			shellPath = /bin/sh;
			shellScript = "# Run the unit tests in this test bundle.\n\"${SYSTEM_DEVELOPER_DIR}/Tools/RunUnitTests\"\n";
		};
/* End PBXShellScriptBuildPhase section */

/* Begin PBXSourcesBuildPhase section */
		D884C6F315F9CE5C00E08417 /* Sources */ = {
			isa = PBXSourcesBuildPhase;
			buildActionMask = 2147483647;
			files = (
				D884C70815F9CE5C00E08417 /* main.m in Sources */,
				D884C70C15F9CE5C00E08417 /* goshanAppDelegate.m in Sources */,
				D81F4E5A161B041500B58C14 /* registViewController.m in Sources */,
				D820FA95161BF0C30085757E /* mainViewController.m in Sources */,
				D820FAA4161C13180085757E /* foundPersonViewController.m in Sources */,
				D820FABD161C1E390085757E /* shakingWindow.m in Sources */,
			);
			runOnlyForDeploymentPostprocessing = 0;
		};
		D884C71615F9CE5C00E08417 /* Sources */ = {
			isa = PBXSourcesBuildPhase;
			buildActionMask = 2147483647;
			files = (
				D884C72A15F9CE5C00E08417 /* easyFollowTests.m in Sources */,
			);
			runOnlyForDeploymentPostprocessing = 0;
		};
/* End PBXSourcesBuildPhase section */

/* Begin PBXTargetDependency section */
		D884C72115F9CE5C00E08417 /* PBXTargetDependency */ = {
			isa = PBXTargetDependency;
			target = D884C6F615F9CE5C00E08417 /* easyFollow */;
			targetProxy = D884C72015F9CE5C00E08417 /* PBXContainerItemProxy */;
		};
/* End PBXTargetDependency section */

/* Begin PBXVariantGroup section */
		D884C70415F9CE5C00E08417 /* InfoPlist.strings */ = {
			isa = PBXVariantGroup;
			children = (
				D884C70515F9CE5C00E08417 /* en */,
			);
			name = InfoPlist.strings;
			sourceTree = "<group>";
		};
		D884C72515F9CE5C00E08417 /* InfoPlist.strings */ = {
			isa = PBXVariantGroup;
			children = (
				D884C72615F9CE5C00E08417 /* en */,
			);
			name = InfoPlist.strings;
			sourceTree = "<group>";
		};
		D884C74215F9D47E00E08417 /* Localizable.strings */ = {
			isa = PBXVariantGroup;
			children = (
				D884C74115F9D47E00E08417 /* en */,
			);
			name = Localizable.strings;
			sourceTree = "<group>";
		};
/* End PBXVariantGroup section */

/* Begin XCBuildConfiguration section */
		D884C72B15F9CE5C00E08417 /* Debug */ = {
			isa = XCBuildConfiguration;
			buildSettings = {
				ALWAYS_SEARCH_USER_PATHS = NO;
				ARCHS = "$(ARCHS_STANDARD_32_BIT)";
				"CODE_SIGN_IDENTITY[sdk=iphoneos*]" = "iPhone Developer";
				COPY_PHASE_STRIP = NO;
				GCC_C_LANGUAGE_STANDARD = gnu99;
				GCC_DYNAMIC_NO_PIC = NO;
				GCC_OPTIMIZATION_LEVEL = 0;
				GCC_PREPROCESSOR_DEFINITIONS = (
					"DEBUG=1",
					"$(inherited)",
				);
				GCC_SYMBOLS_PRIVATE_EXTERN = NO;
				GCC_VERSION = com.apple.compilers.llvm.clang.1_0;
				GCC_WARN_ABOUT_MISSING_PROTOTYPES = YES;
				GCC_WARN_ABOUT_RETURN_TYPE = YES;
				GCC_WARN_UNUSED_VARIABLE = YES;
				IPHONEOS_DEPLOYMENT_TARGET = 5.0;
				SDKROOT = iphoneos;
				TARGETED_DEVICE_FAMILY = "1,2";
			};
			name = Debug;
		};
		D884C72C15F9CE5C00E08417 /* Release */ = {
			isa = XCBuildConfiguration;
			buildSettings = {
				ALWAYS_SEARCH_USER_PATHS = NO;
				ARCHS = "$(ARCHS_STANDARD_32_BIT)";
				"CODE_SIGN_IDENTITY[sdk=iphoneos*]" = "iPhone Developer";
				COPY_PHASE_STRIP = YES;
				GCC_C_LANGUAGE_STANDARD = gnu99;
				GCC_VERSION = com.apple.compilers.llvm.clang.1_0;
				GCC_WARN_ABOUT_MISSING_PROTOTYPES = YES;
				GCC_WARN_ABOUT_RETURN_TYPE = YES;
				GCC_WARN_UNUSED_VARIABLE = YES;
				IPHONEOS_DEPLOYMENT_TARGET = 5.0;
				OTHER_CFLAGS = "-DNS_BLOCK_ASSERTIONS=1";
				SDKROOT = iphoneos;
				TARGETED_DEVICE_FAMILY = "1,2";
				VALIDATE_PRODUCT = YES;
			};
			name = Release;
		};
		D884C72E15F9CE5C00E08417 /* Debug */ = {
			isa = XCBuildConfiguration;
			buildSettings = {
				GCC_PRECOMPILE_PREFIX_HEADER = YES;
				GCC_PREFIX_HEADER = "easyFollow/easyFollow-Prefix.pch";
				INFOPLIST_FILE = "easyFollow/easyFollow-Info.plist";
				PRODUCT_NAME = "$(TARGET_NAME)";
				WRAPPER_EXTENSION = app;
			};
			name = Debug;
		};
		D884C72F15F9CE5C00E08417 /* Release */ = {
			isa = XCBuildConfiguration;
			buildSettings = {
				GCC_PRECOMPILE_PREFIX_HEADER = YES;
				GCC_PREFIX_HEADER = "easyFollow/easyFollow-Prefix.pch";
				INFOPLIST_FILE = "easyFollow/easyFollow-Info.plist";
				PRODUCT_NAME = "$(TARGET_NAME)";
				WRAPPER_EXTENSION = app;
			};
			name = Release;
		};
		D884C73115F9CE5C00E08417 /* Debug */ = {
			isa = XCBuildConfiguration;
			buildSettings = {
				BUNDLE_LOADER = "$(BUILT_PRODUCTS_DIR)/easyFollow.app/easyFollow";
				FRAMEWORK_SEARCH_PATHS = (
					"$(SDKROOT)/Developer/Library/Frameworks",
					"$(DEVELOPER_LIBRARY_DIR)/Frameworks",
				);
				GCC_PRECOMPILE_PREFIX_HEADER = YES;
				GCC_PREFIX_HEADER = "easyFollow/easyFollow-Prefix.pch";
				INFOPLIST_FILE = "easyFollowTests/easyFollowTests-Info.plist";
				PRODUCT_NAME = "$(TARGET_NAME)";
				TEST_HOST = "$(BUNDLE_LOADER)";
				WRAPPER_EXTENSION = octest;
			};
			name = Debug;
		};
		D884C73215F9CE5C00E08417 /* Release */ = {
			isa = XCBuildConfiguration;
			buildSettings = {
				BUNDLE_LOADER = "$(BUILT_PRODUCTS_DIR)/easyFollow.app/easyFollow";
				FRAMEWORK_SEARCH_PATHS = (
					"$(SDKROOT)/Developer/Library/Frameworks",
					"$(DEVELOPER_LIBRARY_DIR)/Frameworks",
				);
				GCC_PRECOMPILE_PREFIX_HEADER = YES;
				GCC_PREFIX_HEADER = "easyFollow/easyFollow-Prefix.pch";
				INFOPLIST_FILE = "easyFollowTests/easyFollowTests-Info.plist";
				PRODUCT_NAME = "$(TARGET_NAME)";
				TEST_HOST = "$(BUNDLE_LOADER)";
				WRAPPER_EXTENSION = octest;
			};
			name = Release;
		};
/* End XCBuildConfiguration section */

/* Begin XCConfigurationList section */
		D884C6F115F9CE5C00E08417 /* Build configuration list for PBXProject "easyFollow" */ = {
			isa = XCConfigurationList;
			buildConfigurations = (
				D884C72B15F9CE5C00E08417 /* Debug */,
				D884C72C15F9CE5C00E08417 /* Release */,
			);
			defaultConfigurationIsVisible = 0;
			defaultConfigurationName = Release;
		};
		D884C72D15F9CE5C00E08417 /* Build configuration list for PBXNativeTarget "easyFollow" */ = {
			isa = XCConfigurationList;
			buildConfigurations = (
				D884C72E15F9CE5C00E08417 /* Debug */,
				D884C72F15F9CE5C00E08417 /* Release */,
			);
			defaultConfigurationIsVisible = 0;
			defaultConfigurationName = Release;
		};
		D884C73015F9CE5C00E08417 /* Build configuration list for PBXNativeTarget "easyFollowTests" */ = {
			isa = XCConfigurationList;
			buildConfigurations = (
				D884C73115F9CE5C00E08417 /* Debug */,
				D884C73215F9CE5C00E08417 /* Release */,
			);
			defaultConfigurationIsVisible = 0;
			defaultConfigurationName = Release;
		};
/* End XCConfigurationList section */
	};
	rootObject = D884C6EE15F9CE5C00E08417 /* Project object */;
}
